
Microsoft Visual Studio Solution File, Format Version 12.00
# Visual Studio Version 17
VisualStudioVersion = 17.13.35806.99 d17.13
MinimumVisualStudioVersion = 10.0.40219.1
Project("{FAE04EC0-301F-11D3-BF4B-00C04F79EFBC}") = "Gnomes&Gargoyles", "Gnomes&Gargoyles.csproj", "{4076A99E-12C5-4AF5-B4C5-D6172574292B}"
EndProject
Global
	GlobalSection(SolutionConfigurationPlatforms) = preSolution
		Debug|Any CPU = Debug|Any CPU
		Release|Any CPU = Release|Any CPU
	EndGlobalSection
	GlobalSection(ProjectConfigurationPlatforms) = postSolution
		{4076A99E-12C5-4AF5-B4C5-D6172574292B}.Debug|Any CPU.ActiveCfg = Debug|Any CPU
		{4076A99E-12C5-4AF5-B4C5-D6172574292B}.Debug|Any CPU.Build.0 = Debug|Any CPU
		{4076A99E-12C5-4AF5-B4C5-D6172574292B}.Release|Any CPU.ActiveCfg = Release|Any CPU
		{4076A99E-12C5-4AF5-B4C5-D6172574292B}.Release|Any CPU.Build.0 = Release|Any CPU
	EndGlobalSection
	GlobalSection(SolutionProperties) = preSolution
		HideSolutionNode = FALSE
	EndGlobalSection
	GlobalSection(ExtensibilityGlobals) = postSolution
		SolutionGuid = {63444502-C069-49E0-B48C-CEAAC3E39F90}
	EndGlobalSection
EndGlobal
